{
    "version": 3,
    "terraform_version": "0.11.13",
    "serial": 8,
    "lineage": "8984703b-91e5-e60f-38be-3be737d0d975",
    "modules": [
        {
            "path": [
                "root"
            ],
            "outputs": {},
            "resources": {
                "aws_cloudwatch_event_rule.lambda_trigger": {
                    "type": "aws_cloudwatch_event_rule",
                    "depends_on": [],
                    "primary": {
                        "id": "lambda_cron",
                        "attributes": {
                            "arn": "arn:aws:events:eu-central-1:714739209329:rule/lambda_cron",
                            "description": "FooBar",
                            "id": "lambda_cron",
                            "is_enabled": "true",
                            "name": "lambda_cron",
                            "role_arn": "",
                            "schedule_expression": "cron(0 4 ? * MON-FRI *)",
                            "tags.%": "0"
                        },
                        "meta": {},
                        "tainted": false
                    },
                    "deposed": [],
                    "provider": "provider.aws"
                },
                "aws_cloudwatch_event_target.lambda_target": {
                    "type": "aws_cloudwatch_event_target",
                    "depends_on": [
                        "aws_cloudwatch_event_rule.lambda_trigger"
                    ],
                    "primary": {
                        "id": "lambda_cron-FooBar_test",
                        "attributes": {
                            "arn": "arn:aws:lambda:eu-central-1:714739209329:function:test",
                            "id": "lambda_cron-FooBar_test",
                            "input": "",
                            "input_path": "",
                            "role_arn": "",
                            "rule": "lambda_cron",
                            "target_id": "FooBar_test"
                        },
                        "meta": {},
                        "tainted": false
                    },
                    "deposed": [],
                    "provider": "provider.aws"
                }
            },
            "depends_on": []
        }
    ]
}
